Microsoft Visual Studio Solution File, Format Version 12.00
# Visual Studio Version 17
VisualStudioVersion = 17.14.36623.8
MinimumVisualStudioVersion = 10.0.40219.1
Project("{FAE04EC0-301F-11D3-BF4B-00C04F79EFBC}") = "OpenTK_winforms_z03", "OpenTK_winforms_z03\OpenTK_winforms_z03.csproj", "{540F1C1E-8718-463A-A881-8DD1B93891A9}"
EndProject
Project("{FAE04EC0-301F-11D3-BF4B-00C04F79EFBC}") = "ReTester", "ReTester\ReTester.csproj", "{D728839D-7A12-4050-BC02-47F757587347}"
EndProject
Project("{FAE04EC0-301F-11D3-BF4B-00C04F79EFBC}") = "SlotsMachine", "SlotsMachine\SlotsMachine.csproj", "{EE548BDF-D1BD-429F-965B-B6D4B536F827}"
EndProject
Global
	GlobalSection(SolutionConfigurationPlatforms) = preSolution
		Debug|Any CPU = Debug|Any CPU
		Release|Any CPU = Release|Any CPU
	EndGlobalSection
	GlobalSection(ProjectConfigurationPlatforms) = postSolution
		{540F1C1E-8718-463A-A881-8DD1B93891A9}.Debug|Any CPU.ActiveCfg = Debug|Any CPU
		{540F1C1E-8718-463A-A881-8DD1B93891A9}.Debug|Any CPU.Build.0 = Debug|Any CPU
		{540F1C1E-8718-463A-A881-8DD1B93891A9}.Release|Any CPU.ActiveCfg = Release|Any CPU
		{540F1C1E-8718-463A-A881-8DD1B93891A9}.Release|Any CPU.Build.0 = Release|Any CPU
		{D728839D-7A12-4050-BC02-47F757587347}.Debug|Any CPU.ActiveCfg = Debug|Any CPU
		{D728839D-7A12-4050-BC02-47F757587347}.Debug|Any CPU.Build.0 = Debug|Any CPU
		{D728839D-7A12-4050-BC02-47F757587347}.Release|Any CPU.ActiveCfg = Release|Any CPU
		{D728839D-7A12-4050-BC02-47F757587347}.Release|Any CPU.Build.0 = Release|Any CPU
		{EE548BDF-D1BD-429F-965B-B6D4B536F827}.Debug|Any CPU.ActiveCfg = Debug|Any CPU
		{EE548BDF-D1BD-429F-965B-B6D4B536F827}.Debug|Any CPU.Build.0 = Debug|Any CPU
		{EE548BDF-D1BD-429F-965B-B6D4B536F827}.Release|Any CPU.ActiveCfg = Release|Any CPU
		{EE548BDF-D1BD-429F-965B-B6D4B536F827}.Release|Any CPU.Build.0 = Release|Any CPU
	EndGlobalSection
	GlobalSection(SolutionProperties) = preSolution
		HideSolutionNode = FALSE
	EndGlobalSection
	GlobalSection(ExtensibilityGlobals) = postSolution
		SolutionGuid = {05DEE7A5-D470-47B9-BB4F-0F848FB60713}
	EndGlobalSection
EndGlobal
